
Microsoft Visual Studio Solution File, Format Version 12.00
# Visual Studio Version 17
VisualStudioVersion = 17.12.35521.163 d17.12
MinimumVisualStudioVersion = 10.0.40219.1
Project("{FAE04EC0-301F-11D3-BF4B-00C04F79EFBC}") = "Ikea.PL", "Ikea.PL\Ikea.PL.csproj", "{FA174EAE-968D-4E6A-AD50-30460101C6A3}"
EndProject
Project("{FAE04EC0-301F-11D3-BF4B-00C04F79EFBC}") = "Ikea.BLL", "Ikea.BLL\Ikea.BLL.csproj", "{77CCD633-73B1-4F33-A70A-DAD380CF60D8}"
EndProject
Project("{FAE04EC0-301F-11D3-BF4B-00C04F79EFBC}") = "Ikea.DAL", "Ikea.DAL\Ikea.DAL.csproj", "{600BE8B8-B2D7-4F2A-BC71-DA4EFEA06250}"
EndProject
Global
	GlobalSection(SolutionConfigurationPlatforms) = preSolution
		Debug|Any CPU = Debug|Any CPU
		Release|Any CPU = Release|Any CPU
	EndGlobalSection
	GlobalSection(ProjectConfigurationPlatforms) = postSolution
		{FA174EAE-968D-4E6A-AD50-30460101C6A3}.Debug|Any CPU.ActiveCfg = Debug|Any CPU
		{FA174EAE-968D-4E6A-AD50-30460101C6A3}.Debug|Any CPU.Build.0 = Debug|Any CPU
		{FA174EAE-968D-4E6A-AD50-30460101C6A3}.Release|Any CPU.ActiveCfg = Release|Any CPU
		{FA174EAE-968D-4E6A-AD50-30460101C6A3}.Release|Any CPU.Build.0 = Release|Any CPU
		{77CCD633-73B1-4F33-A70A-DAD380CF60D8}.Debug|Any CPU.ActiveCfg = Debug|Any CPU
		{77CCD633-73B1-4F33-A70A-DAD380CF60D8}.Debug|Any CPU.Build.0 = Debug|Any CPU
		{77CCD633-73B1-4F33-A70A-DAD380CF60D8}.Release|Any CPU.ActiveCfg = Release|Any CPU
		{77CCD633-73B1-4F33-A70A-DAD380CF60D8}.Release|Any CPU.Build.0 = Release|Any CPU
		{600BE8B8-B2D7-4F2A-BC71-DA4EFEA06250}.Debug|Any CPU.ActiveCfg = Debug|Any CPU
		{600BE8B8-B2D7-4F2A-BC71-DA4EFEA06250}.Debug|Any CPU.Build.0 = Debug|Any CPU
		{600BE8B8-B2D7-4F2A-BC71-DA4EFEA06250}.Release|Any CPU.ActiveCfg = Release|Any CPU
		{600BE8B8-B2D7-4F2A-BC71-DA4EFEA06250}.Release|Any CPU.Build.0 = Release|Any CPU
	EndGlobalSection
	GlobalSection(SolutionProperties) = preSolution
		HideSolutionNode = FALSE
	EndGlobalSection
EndGlobal
